// !$*UTF8*$!
{
	archiveVersion = 1;
	classes = {
	};
	objectVersion = 50;
	objects = {

/* Begin PBXBuildFile section */
		1810689F2690ACD400CA295B /* FavouriteCatsCollectionViewCell.swift in Sources */ = {isa = PBXBuildFile; fileRef = 1810689E2690ACD400CA295B /* FavouriteCatsCollectionViewCell.swift */; };
		18275932268F574100249ADC /* AppDelegate.swift in Sources */ = {isa = PBXBuildFile; fileRef = 18275931268F574100249ADC /* AppDelegate.swift */; };
		18275934268F574100249ADC /* SceneDelegate.swift in Sources */ = {isa = PBXBuildFile; fileRef = 18275933268F574100249ADC /* SceneDelegate.swift */; };
		18275939268F574100249ADC /* Main.storyboard in Resources */ = {isa = PBXBuildFile; fileRef = 18275937268F574100249ADC /* Main.storyboard */; };
		1827593B268F574400249ADC /* Assets.xcassets in Resources */ = {isa = PBXBuildFile; fileRef = 1827593A268F574400249ADC /* Assets.xcassets */; };
		1827593E268F574400249ADC /* LaunchScreen.storyboard in Resources */ = {isa = PBXBuildFile; fileRef = 1827593C268F574400249ADC /* LaunchScreen.storyboard */; };
		18275947268F5D0400249ADC /* AllCatsViewController.swift in Sources */ = {isa = PBXBuildFile; fileRef = 18275946268F5D0400249ADC /* AllCatsViewController.swift */; };
		18275949268F5D1900249ADC /* FavouriteCatsViewController.swift in Sources */ = {isa = PBXBuildFile; fileRef = 18275948268F5D1900249ADC /* FavouriteCatsViewController.swift */; };
		1827594D268F631A00249ADC /* AllCatsTableViewCell.swift in Sources */ = {isa = PBXBuildFile; fileRef = 1827594B268F631A00249ADC /* AllCatsTableViewCell.swift */; };
		1827594E268F631A00249ADC /* AllCatsTableViewCell.xib in Resources */ = {isa = PBXBuildFile; fileRef = 1827594C268F631A00249ADC /* AllCatsTableViewCell.xib */; };
		18275951268F688800249ADC /* CatModel.swift in Sources */ = {isa = PBXBuildFile; fileRef = 18275950268F688800249ADC /* CatModel.swift */; };
		8EDE7C0DC8DED5378F5945AC /* Pods_petDirectory.framework in Frameworks */ = {isa = PBXBuildFile; fileRef = 83D4366FA21C449852396E64 /* Pods_petDirectory.framework */; };
/* End PBXBuildFile section */

/* Begin PBXFileReference section */
		1810689E2690ACD400CA295B /* FavouriteCatsCollectionViewCell.swift */ = {isa = PBXFileReference; lastKnownFileType = sourcecode.swift; path = FavouriteCatsCollectionViewCell.swift; sourceTree = "<group>"; };
		1827592E268F574100249ADC /* petDirectory.app */ = {isa = PBXFileReference; explicitFileType = wrapper.application; includeInIndex = 0; path = petDirectory.app; sourceTree = BUILT_PRODUCTS_DIR; };
		18275931268F574100249ADC /* AppDelegate.swift */ = {isa = PBXFileReference; lastKnownFileType = sourcecode.swift; path = AppDelegate.swift; sourceTree = "<group>"; };
		18275933268F574100249ADC /* SceneDelegate.swift */ = {isa = PBXFileReference; lastKnownFileType = sourcecode.swift; path = SceneDelegate.swift; sourceTree = "<group>"; };
		18275938268F574100249ADC /* Base */ = {isa = PBXFileReference; lastKnownFileType = file.storyboard; name = Base; path = Base.lproj/Main.storyboard; sourceTree = "<group>"; };
		1827593A268F574400249ADC /* Assets.xcassets */ = {isa = PBXFileReference; lastKnownFileType = folder.assetcatalog; path = Assets.xcassets; sourceTree = "<group>"; };
		1827593D268F574400249ADC /* Base */ = {isa = PBXFileReference; lastKnownFileType = file.storyboard; name = Base; path = Base.lproj/LaunchScreen.storyboard; sourceTree = "<group>"; };
		1827593F268F574400249ADC /* Info.plist */ = {isa = PBXFileReference; lastKnownFileType = text.plist.xml; path = Info.plist; sourceTree = "<group>"; };
		18275946268F5D0400249ADC /* AllCatsViewController.swift */ = {isa = PBXFileReference; lastKnownFileType = sourcecode.swift; path = AllCatsViewController.swift; sourceTree = "<group>"; };
		18275948268F5D1900249ADC /* FavouriteCatsViewController.swift */ = {isa = PBXFileReference; lastKnownFileType = sourcecode.swift; path = FavouriteCatsViewController.swift; sourceTree = "<group>"; };
		1827594B268F631A00249ADC /* AllCatsTableViewCell.swift */ = {isa = PBXFileReference; lastKnownFileType = sourcecode.swift; path = AllCatsTableViewCell.swift; sourceTree = "<group>"; };
		1827594C268F631A00249ADC /* AllCatsTableViewCell.xib */ = {isa = PBXFileReference; lastKnownFileType = file.xib; path = AllCatsTableViewCell.xib; sourceTree = "<group>"; };
		18275950268F688800249ADC /* CatModel.swift */ = {isa = PBXFileReference; lastKnownFileType = sourcecode.swift; path = CatModel.swift; sourceTree = "<group>"; };
		1BF2D02C031E7F5B9DB5A3E4 /* Pods-petDirectory.release.xcconfig */ = {isa = PBXFileReference; includeInIndex = 1; lastKnownFileType = text.xcconfig; name = "Pods-petDirectory.release.xcconfig"; path = "Target Support Files/Pods-petDirectory/Pods-petDirectory.release.xcconfig"; sourceTree = "<group>"; };
		83D4366FA21C449852396E64 /* Pods_petDirectory.framework */ = {isa = PBXFileReference; explicitFileType = wrapper.framework; includeInIndex = 0; path = Pods_petDirectory.framework; sourceTree = BUILT_PRODUCTS_DIR; };
		F8E6370B8885863F709D4053 /* Pods-petDirectory.debug.xcconfig */ = {isa = PBXFileReference; includeInIndex = 1; lastKnownFileType = text.xcconfig; name = "Pods-petDirectory.debug.xcconfig"; path = "Target Support Files/Pods-petDirectory/Pods-petDirectory.debug.xcconfig"; sourceTree = "<group>"; };
/* End PBXFileReference section */

/* Begin PBXFrameworksBuildPhase section */
		1827592B268F574100249ADC /* Frameworks */ = {
			isa = PBXFrameworksBuildPhase;
			buildActionMask = 2147483647;
			files = (
				8EDE7C0DC8DED5378F5945AC /* Pods_petDirectory.framework in Frameworks */,
			);
			runOnlyForDeploymentPostprocessing = 0;
		};
/* End PBXFrameworksBuildPhase section */

/* Begin PBXGroup section */
		109C82C20C17C629F2CE7033 /* Pods */ = {
			isa = PBXGroup;
			children = (
				F8E6370B8885863F709D4053 /* Pods-petDirectory.debug.xcconfig */,
				1BF2D02C031E7F5B9DB5A3E4 /* Pods-petDirectory.release.xcconfig */,
			);
			name = Pods;
			path = Pods;
			sourceTree = "<group>";
		};
		18275925268F574100249ADC = {
			isa = PBXGroup;
			children = (
				1827594F268F687200249ADC /* Model */,
				1827594A268F62F800249ADC /* Views */,
				18275945268F5CD300249ADC /* Controllers */,
				18275930268F574100249ADC /* petDirectory */,
				1827592F268F574100249ADC /* Products */,
				109C82C20C17C629F2CE7033 /* Pods */,
				BD19F99E018E6DFF1F8EDBCF /* Frameworks */,
			);
			sourceTree = "<group>";
		};
		1827592F268F574100249ADC /* Products */ = {
			isa = PBXGroup;
			children = (
				1827592E268F574100249ADC /* petDirectory.app */,
			);
			name = Products;
			sourceTree = "<group>";
		};
		18275930268F574100249ADC /* petDirectory */ = {
			isa = PBXGroup;
			children = (
				18275931268F574100249ADC /* AppDelegate.swift */,
				18275933268F574100249ADC /* SceneDelegate.swift */,
				18275937268F574100249ADC /* Main.storyboard */,
				1827593A268F574400249ADC /* Assets.xcassets */,
				1827593C268F574400249ADC /* LaunchScreen.storyboard */,
				1827593F268F574400249ADC /* Info.plist */,
			);
			path = petDirectory;
			sourceTree = "<group>";
		};
		18275945268F5CD300249ADC /* Controllers */ = {
			isa = PBXGroup;
			children = (
				18275946268F5D0400249ADC /* AllCatsViewController.swift */,
				18275948268F5D1900249ADC /* FavouriteCatsViewController.swift */,
			);
			path = Controllers;
			sourceTree = "<group>";
		};
		1827594A268F62F800249ADC /* Views */ = {
			isa = PBXGroup;
			children = (
				1827594B268F631A00249ADC /* AllCatsTableViewCell.swift */,
				1827594C268F631A00249ADC /* AllCatsTableViewCell.xib */,
				1810689E2690ACD400CA295B /* FavouriteCatsCollectionViewCell.swift */,
			);
			path = Views;
			sourceTree = "<group>";
		};
		1827594F268F687200249ADC /* Model */ = {
			isa = PBXGroup;
			children = (
				18275950268F688800249ADC /* CatModel.swift */,
			);
			path = Model;
			sourceTree = "<group>";
		};
		BD19F99E018E6DFF1F8EDBCF /* Frameworks */ = {
			isa = PBXGroup;
			children = (
				83D4366FA21C449852396E64 /* Pods_petDirectory.framework */,
			);
			name = Frameworks;
			sourceTree = "<group>";
		};
/* End PBXGroup section */

/* Begin PBXNativeTarget section */
		1827592D268F574100249ADC /* petDirectory */ = {
			isa = PBXNativeTarget;
			buildConfigurationList = 18275942268F574400249ADC /* Build configuration list for PBXNativeTarget "petDirectory" */;
			buildPhases = (
				F193A23F1CD10D216FA707FE /* [CP] Check Pods Manifest.lock */,
				1827592A268F574100249ADC /* Sources */,
				1827592B268F574100249ADC /* Frameworks */,
				1827592C268F574100249ADC /* Resources */,
				67E67BE869734EBAF4CFDE26 /* [CP] Embed Pods Frameworks */,
			);
			buildRules = (
			);
			dependencies = (
			);
			name = petDirectory;
			productName = petDirectory;
			productReference = 1827592E268F574100249ADC /* petDirectory.app */;
			productType = "com.apple.product-type.application";
		};
/* End PBXNativeTarget section */

/* Begin PBXProject section */
		18275926268F574100249ADC /* Project object */ = {
			isa = PBXProject;
			attributes = {
				LastSwiftUpdateCheck = 1250;
				LastUpgradeCheck = 1250;
				TargetAttributes = {
					1827592D268F574100249ADC = {
						CreatedOnToolsVersion = 12.5.1;
					};
				};
			};
			buildConfigurationList = 18275929268F574100249ADC /* Build configuration list for PBXProject "petDirectory" */;
			compatibilityVersion = "Xcode 9.3";
			developmentRegion = en;
			hasScannedForEncodings = 0;
			knownRegions = (
				en,
				Base,
			);
			mainGroup = 18275925268F574100249ADC;
			productRefGroup = 1827592F268F574100249ADC /* Products */;
			projectDirPath = "";
			projectRoot = "";
			targets = (
				1827592D268F574100249ADC /* petDirectory */,
			);
		};
/* End PBXProject section */

/* Begin PBXResourcesBuildPhase section */
		1827592C268F574100249ADC /* Resources */ = {
			isa = PBXResourcesBuildPhase;
			buildActionMask = 2147483647;
			files = (
				1827594E268F631A00249ADC /* AllCatsTableViewCell.xib in Resources */,
				1827593E268F574400249ADC /* LaunchScreen.storyboard in Resources */,
				1827593B268F574400249ADC /* Assets.xcassets in Resources */,
				18275939268F574100249ADC /* Main.storyboard in Resources */,
			);
			runOnlyForDeploymentPostprocessing = 0;
		};
/* End PBXResourcesBuildPhase section */

/* Begin PBXShellScriptBuildPhase section */
		67E67BE869734EBAF4CFDE26 /* [CP] Embed Pods Frameworks */ = {
			isa = PBXShellScriptBuildPhase;
			buildActionMask = 2147483647;
			files = (
			);
			inputFileListPaths = (
				"${PODS_ROOT}/Target Support Files/Pods-petDirectory/Pods-petDirectory-frameworks-${CONFIGURATION}-input-files.xcfilelist",
			);
			name = "[CP] Embed Pods Frameworks";
			outputFileListPaths = (
				"${PODS_ROOT}/Target Support Files/Pods-petDirectory/Pods-petDirectory-frameworks-${CONFIGURATION}-output-files.xcfilelist",
			);
			runOnlyForDeploymentPostprocessing = 0;
			shellPath = /bin/sh;
			shellScript = "\"${PODS_ROOT}/Target Support Files/Pods-petDirectory/Pods-petDirectory-frameworks.sh\"\n";
			showEnvVarsInLog = 0;
		};
		F193A23F1CD10D216FA707FE /* [CP] Check Pods Manifest.lock */ = {
			isa = PBXShellScriptBuildPhase;
			buildActionMask = 2147483647;
			files = (
			);
			inputFileListPaths = (
			);
			inputPaths = (
				"${PODS_PODFILE_DIR_PATH}/Podfile.lock",
				"${PODS_ROOT}/Manifest.lock",
			);
			name = "[CP] Check Pods Manifest.lock";
			outputFileListPaths = (
			);
			outputPaths = (
				"$(DERIVED_FILE_DIR)/Pods-petDirectory-checkManifestLockResult.txt",
			);
			runOnlyForDeploymentPostprocessing = 0;
			shellPath = /bin/sh;
			shellScript = "diff \"${PODS_PODFILE_DIR_PATH}/Podfile.lock\" \"${PODS_ROOT}/Manifest.lock\" > /dev/null\nif [ $? != 0 ] ; then\n    # print error to STDERR\n    echo \"error: The sandbox is not in sync with the Podfile.lock. Run 'pod install' or update your CocoaPods installation.\" >&2\n    exit 1\nfi\n# This output is used by Xcode 'outputs' to avoid re-running this script phase.\necho \"SUCCESS\" > \"${SCRIPT_OUTPUT_FILE_0}\"\n";
			showEnvVarsInLog = 0;
		};
/* End PBXShellScriptBuildPhase section */

/* Begin PBXSourcesBuildPhase section */
		1827592A268F574100249ADC /* Sources */ = {
			isa = PBXSourcesBuildPhase;
			buildActionMask = 2147483647;
			files = (
				18275951268F688800249ADC /* CatModel.swift in Sources */,
				1810689F2690ACD400CA295B /* FavouriteCatsCollectionViewCell.swift in Sources */,
				18275932268F574100249ADC /* AppDelegate.swift in Sources */,
				18275949268F5D1900249ADC /* FavouriteCatsViewController.swift in Sources */,
				18275934268F574100249ADC /* SceneDelegate.swift in Sources */,
				18275947268F5D0400249ADC /* AllCatsViewController.swift in Sources */,
				1827594D268F631A00249ADC /* AllCatsTableViewCell.swift in Sources */,
			);
			runOnlyForDeploymentPostprocessing = 0;
		};
/* End PBXSourcesBuildPhase section */

/* Begin PBXVariantGroup section */
		18275937268F574100249ADC /* Main.storyboard */ = {
			isa = PBXVariantGroup;
			children = (
				18275938268F574100249ADC /* Base */,
			);
			name = Main.storyboard;
			sourceTree = "<group>";
		};
		1827593C268F574400249ADC /* LaunchScreen.storyboard */ = {
			isa = PBXVariantGroup;
			children = (
				1827593D268F574400249ADC /* Base */,
			);
			name = LaunchScreen.storyboard;
			sourceTree = "<group>";
		};
/* End PBXVariantGroup section */

/* Begin XCBuildConfiguration section */
		18275940268F574400249ADC /* Debug */ = {
			isa = XCBuildConfiguration;
			buildSettings = {
				ALWAYS_SEARCH_USER_PATHS = NO;
				CLANG_ANALYZER_NONNULL = YES;
				CLANG_ANALYZER_NUMBER_OBJECT_CONVERSION = YES_AGGRESSIVE;
				CLANG_CXX_LANGUAGE_STANDARD = "gnu++14";
				CLANG_CXX_LIBRARY = "libc++";
				CLANG_ENABLE_MODULES = YES;
				CLANG_ENABLE_OBJC_ARC = YES;
				CLANG_ENABLE_OBJC_WEAK = YES;
				CLANG_WARN_BLOCK_CAPTURE_AUTORELEASING = YES;
				CLANG_WARN_BOOL_CONVERSION = YES;
				CLANG_WARN_COMMA = YES;
				CLANG_WARN_CONSTANT_CONVERSION = YES;
				CLANG_WARN_DEPRECATED_OBJC_IMPLEMENTATIONS = YES;
				CLANG_WARN_DIRECT_OBJC_ISA_USAGE = YES_ERROR;
				CLANG_WARN_DOCUMENTATION_COMMENTS = YES;
				CLANG_WARN_EMPTY_BODY = YES;
				CLANG_WARN_ENUM_CONVERSION = YES;
				CLANG_WARN_INFINITE_RECURSION = YES;
				CLANG_WARN_INT_CONVERSION = YES;
				CLANG_WARN_NON_LITERAL_NULL_CONVERSION = YES;
				CLANG_WARN_OBJC_IMPLICIT_RETAIN_SELF = YES;
				CLANG_WARN_OBJC_LITERAL_CONVERSION = YES;
				CLANG_WARN_OBJC_ROOT_CLASS = YES_ERROR;
				CLANG_WARN_QUOTED_INCLUDE_IN_FRAMEWORK_HEADER = YES;
				CLANG_WARN_RANGE_LOOP_ANALYSIS = YES;
				CLANG_WARN_STRICT_PROTOTYPES = YES;
				CLANG_WARN_SUSPICIOUS_MOVE = YES;
				CLANG_WARN_UNGUARDED_AVAILABILITY = YES_AGGRESSIVE;
				CLANG_WARN_UNREACHABLE_CODE = YES;
				CLANG_WARN__DUPLICATE_METHOD_MATCH = YES;
				COPY_PHASE_STRIP = NO;
				DEBUG_INFORMATION_FORMAT = dwarf;
				ENABLE_STRICT_OBJC_MSGSEND = YES;
				ENABLE_TESTABILITY = YES;
				GCC_C_LANGUAGE_STANDARD = gnu11;
				GCC_DYNAMIC_NO_PIC = NO;
				GCC_NO_COMMON_BLOCKS = YES;
				GCC_OPTIMIZATION_LEVEL = 0;
				GCC_PREPROCESSOR_DEFINITIONS = (
					"DEBUG=1",
					"$(inherited)",
				);
				GCC_WARN_64_TO_32_BIT_CONVERSION = YES;
				GCC_WARN_ABOUT_RETURN_TYPE = YES_ERROR;
				GCC_WARN_UNDECLARED_SELECTOR = YES;
				GCC_WARN_UNINITIALIZED_AUTOS = YES_AGGRESSIVE;
				GCC_WARN_UNUSED_FUNCTION = YES;
				GCC_WARN_UNUSED_VARIABLE = YES;
				IPHONEOS_DEPLOYMENT_TARGET = 14.5;
				MTL_ENABLE_DEBUG_INFO = INCLUDE_SOURCE;
				MTL_FAST_MATH = YES;
				ONLY_ACTIVE_ARCH = YES;
				SDKROOT = iphoneos;
				SWIFT_ACTIVE_COMPILATION_CONDITIONS = DEBUG;
				SWIFT_OPTIMIZATION_LEVEL = "-Onone";
			};
			name = Debug;
		};
		18275941268F574400249ADC /* Release */ = {
			isa = XCBuildConfiguration;
			buildSettings = {
				ALWAYS_SEARCH_USER_PATHS = NO;
				CLANG_ANALYZER_NONNULL = YES;
				CLANG_ANALYZER_NUMBER_OBJECT_CONVERSION = YES_AGGRESSIVE;
				CLANG_CXX_LANGUAGE_STANDARD = "gnu++14";
				CLANG_CXX_LIBRARY = "libc++";
				CLANG_ENABLE_MODULES = YES;
				CLANG_ENABLE_OBJC_ARC = YES;
				CLANG_ENABLE_OBJC_WEAK = YES;
				CLANG_WARN_BLOCK_CAPTURE_AUTORELEASING = YES;
				CLANG_WARN_BOOL_CONVERSION = YES;
				CLANG_WARN_COMMA = YES;
				CLANG_WARN_CONSTANT_CONVERSION = YES;
				CLANG_WARN_DEPRECATED_OBJC_IMPLEMENTATIONS = YES;
				CLANG_WARN_DIRECT_OBJC_ISA_USAGE = YES_ERROR;
				CLANG_WARN_DOCUMENTATION_COMMENTS = YES;
				CLANG_WARN_EMPTY_BODY = YES;
				CLANG_WARN_ENUM_CONVERSION = YES;
				CLANG_WARN_INFINITE_RECURSION = YES;
				CLANG_WARN_INT_CONVERSION = YES;
				CLANG_WARN_NON_LITERAL_NULL_CONVERSION = YES;
				CLANG_WARN_OBJC_IMPLICIT_RETAIN_SELF = YES;
				CLANG_WARN_OBJC_LITERAL_CONVERSION = YES;
				CLANG_WARN_OBJC_ROOT_CLASS = YES_ERROR;
				CLANG_WARN_QUOTED_INCLUDE_IN_FRAMEWORK_HEADER = YES;
				CLANG_WARN_RANGE_LOOP_ANALYSIS = YES;
				CLANG_WARN_STRICT_PROTOTYPES = YES;
				CLANG_WARN_SUSPICIOUS_MOVE = YES;
				CLANG_WARN_UNGUARDED_AVAILABILITY = YES_AGGRESSIVE;
				CLANG_WARN_UNREACHABLE_CODE = YES;
				CLANG_WARN__DUPLICATE_METHOD_MATCH = YES;
				COPY_PHASE_STRIP = NO;
				DEBUG_INFORMATION_FORMAT = "dwarf-with-dsym";
				ENABLE_NS_ASSERTIONS = NO;
				ENABLE_STRICT_OBJC_MSGSEND = YES;
				GCC_C_LANGUAGE_STANDARD = gnu11;
				GCC_NO_COMMON_BLOCKS = YES;
				GCC_WARN_64_TO_32_BIT_CONVERSION = YES;
				GCC_WARN_ABOUT_RETURN_TYPE = YES_ERROR;
				GCC_WARN_UNDECLARED_SELECTOR = YES;
				GCC_WARN_UNINITIALIZED_AUTOS = YES_AGGRESSIVE;
				GCC_WARN_UNUSED_FUNCTION = YES;
				GCC_WARN_UNUSED_VARIABLE = YES;
				IPHONEOS_DEPLOYMENT_TARGET = 14.5;
				MTL_ENABLE_DEBUG_INFO = NO;
				MTL_FAST_MATH = YES;
				SDKROOT = iphoneos;
				SWIFT_COMPILATION_MODE = wholemodule;
				SWIFT_OPTIMIZATION_LEVEL = "-O";
				VALIDATE_PRODUCT = YES;
			};
			name = Release;
		};
		18275943268F574400249ADC /* Debug */ = {
			isa = XCBuildConfiguration;
			baseConfigurationReference = F8E6370B8885863F709D4053 /* Pods-petDirectory.debug.xcconfig */;
			buildSettings = {
				ASSETCATALOG_COMPILER_APPICON_NAME = AppIcon;
				ASSETCATALOG_COMPILER_GLOBAL_ACCENT_COLOR_NAME = AccentColor;
				CODE_SIGN_STYLE = Automatic;
				INFOPLIST_FILE = petDirectory/Info.plist;
				LD_RUNPATH_SEARCH_PATHS = (
					"$(inherited)",
					"@executable_path/Frameworks",
				);
				PRODUCT_BUNDLE_IDENTIFIER = "Bright-Summit-Plc..petDirectory";
				PRODUCT_NAME = "$(TARGET_NAME)";
				SWIFT_VERSION = 5.0;
				TARGETED_DEVICE_FAMILY = "1,2";
			};
			name = Debug;
		};
		18275944268F574400249ADC /* Release */ = {
			isa = XCBuildConfiguration;
			baseConfigurationReference = 1BF2D02C031E7F5B9DB5A3E4 /* Pods-petDirectory.release.xcconfig */;
			buildSettings = {
				ASSETCATALOG_COMPILER_APPICON_NAME = AppIcon;
				ASSETCATALOG_COMPILER_GLOBAL_ACCENT_COLOR_NAME = AccentColor;
				CODE_SIGN_STYLE = Automatic;
				INFOPLIST_FILE = petDirectory/Info.plist;
				LD_RUNPATH_SEARCH_PATHS = (
					"$(inherited)",
					"@executable_path/Frameworks",
				);
				PRODUCT_BUNDLE_IDENTIFIER = "Bright-Summit-Plc..petDirectory";
				PRODUCT_NAME = "$(TARGET_NAME)";
				SWIFT_VERSION = 5.0;
				TARGETED_DEVICE_FAMILY = "1,2";
			};
			name = Release;
		};
/* End XCBuildConfiguration section */

/* Begin XCConfigurationList section */
		18275929268F574100249ADC /* Build configuration list for PBXProject "petDirectory" */ = {
			isa = XCConfigurationList;
			buildConfigurations = (
				18275940268F574400249ADC /* Debug */,
				18275941268F574400249ADC /* Release */,
			);
			defaultConfigurationIsVisible = 0;
			defaultConfigurationName = Release;
		};
		18275942268F574400249ADC /* Build configuration list for PBXNativeTarget "petDirectory" */ = {
			isa = XCConfigurationList;
			buildConfigurations = (
				18275943268F574400249ADC /* Debug */,
				18275944268F574400249ADC /* Release */,
			);
			defaultConfigurationIsVisible = 0;
			defaultConfigurationName = Release;
		};
/* End XCConfigurationList section */
	};
	rootObject = 18275926268F574100249ADC /* Project object */;
}
